
Microsoft Visual Studio Solution File, Format Version 12.00
# Visual Studio Version 16
VisualStudioVersion = 16.0.30114.105
MinimumVisualStudioVersion = 10.0.40219.1
Project("{2150E333-8FDC-42A3-9474-1A3956D46DE8}") = "1 interfaces", "1 interfaces", "{12FA44C0-1D64-11ED-B393-AD23B8246DE2}"
EndProject
Project("{FAE04EC0-301F-11D3-BF4B-00C04F79EFBC}") = "ddd-learn-facade", "ddd-learn-facade\ddd-learn-facade.csproj", "{C4F1A7F4-083C-4F55-9E0F-960066944AA9}"
EndProject
Project("{FAE04EC0-301F-11D3-BF4B-00C04F79EFBC}") = "ddd-learn-dto", "ddd-learn-dto\ddd-learn-dto.csproj", "{CE127632-2548-4C36-930B-B6D0137AAACF}"
EndProject
Project("{FAE04EC0-301F-11D3-BF4B-00C04F79EFBC}") = "ddd-learn-assembler", "ddd-learn-assembler\ddd-learn-assembler.csproj", "{08241D38-9639-4775-8FAE-423EE704E800}"
EndProject
Project("{2150E333-8FDC-42A3-9474-1A3956D46DE8}") = "2 application", "2 application", "{5F4C6290-1D64-11ED-B393-AD23B8246DE2}"
EndProject
Project("{FAE04EC0-301F-11D3-BF4B-00C04F79EFBC}") = "ddd-learn-event", "ddd-learn-event\ddd-learn-event.csproj", "{695A2719-8341-4EB0-95AE-FACF438F626D}"
EndProject
Project("{FAE04EC0-301F-11D3-BF4B-00C04F79EFBC}") = "ddd-learn-service", "ddd-learn-service\ddd-learn-service.csproj", "{2E386514-2E8D-4ECA-8F65-08DFAEC527B2}"
EndProject
Project("{2150E333-8FDC-42A3-9474-1A3956D46DE8}") = "3 domain", "3 domain", "{93D21FF0-1D64-11ED-B393-AD23B8246DE2}"
EndProject
Project("{FAE04EC0-301F-11D3-BF4B-00C04F79EFBC}") = "ddd-learn-aggregate00", "ddd-learn-aggregate00\ddd-learn-aggregate00.csproj", "{C3CEF6C2-4802-46DC-81A3-1379CDADF0CB}"
EndProject
Project("{2150E333-8FDC-42A3-9474-1A3956D46DE8}") = "4 infastructure", "4 infastructure", "{EC4C9390-1D64-11ED-B393-AD23B8246DE2}"
EndProject
Project("{FAE04EC0-301F-11D3-BF4B-00C04F79EFBC}") = "ddd-learn-config", "ddd-learn-config\ddd-learn-config.csproj", "{C8DDE35E-24F6-47BA-BCEE-507513B2BDD7}"
EndProject
Project("{FAE04EC0-301F-11D3-BF4B-00C04F79EFBC}") = "ddd-learn-util", "ddd-learn-util\ddd-learn-util.csproj", "{DA157D92-614B-4157-A8D7-A7FD1B18A0F5}"
EndProject
Global
	GlobalSection(SolutionConfigurationPlatforms) = preSolution
		Debug|Any CPU = Debug|Any CPU
		Release|Any CPU = Release|Any CPU
	EndGlobalSection
	GlobalSection(SolutionProperties) = preSolution
		HideSolutionNode = FALSE
	EndGlobalSection
	GlobalSection(ProjectConfigurationPlatforms) = postSolution
		{C4F1A7F4-083C-4F55-9E0F-960066944AA9}.Debug|Any CPU.ActiveCfg = Debug|Any CPU
		{C4F1A7F4-083C-4F55-9E0F-960066944AA9}.Debug|Any CPU.Build.0 = Debug|Any CPU
		{C4F1A7F4-083C-4F55-9E0F-960066944AA9}.Release|Any CPU.ActiveCfg = Release|Any CPU
		{C4F1A7F4-083C-4F55-9E0F-960066944AA9}.Release|Any CPU.Build.0 = Release|Any CPU
		{CE127632-2548-4C36-930B-B6D0137AAACF}.Debug|Any CPU.ActiveCfg = Debug|Any CPU
		{CE127632-2548-4C36-930B-B6D0137AAACF}.Debug|Any CPU.Build.0 = Debug|Any CPU
		{CE127632-2548-4C36-930B-B6D0137AAACF}.Release|Any CPU.ActiveCfg = Release|Any CPU
		{CE127632-2548-4C36-930B-B6D0137AAACF}.Release|Any CPU.Build.0 = Release|Any CPU
		{08241D38-9639-4775-8FAE-423EE704E800}.Debug|Any CPU.ActiveCfg = Debug|Any CPU
		{08241D38-9639-4775-8FAE-423EE704E800}.Debug|Any CPU.Build.0 = Debug|Any CPU
		{08241D38-9639-4775-8FAE-423EE704E800}.Release|Any CPU.ActiveCfg = Release|Any CPU
		{08241D38-9639-4775-8FAE-423EE704E800}.Release|Any CPU.Build.0 = Release|Any CPU
		{695A2719-8341-4EB0-95AE-FACF438F626D}.Debug|Any CPU.ActiveCfg = Debug|Any CPU
		{695A2719-8341-4EB0-95AE-FACF438F626D}.Debug|Any CPU.Build.0 = Debug|Any CPU
		{695A2719-8341-4EB0-95AE-FACF438F626D}.Release|Any CPU.ActiveCfg = Release|Any CPU
		{695A2719-8341-4EB0-95AE-FACF438F626D}.Release|Any CPU.Build.0 = Release|Any CPU
		{2E386514-2E8D-4ECA-8F65-08DFAEC527B2}.Debug|Any CPU.ActiveCfg = Debug|Any CPU
		{2E386514-2E8D-4ECA-8F65-08DFAEC527B2}.Debug|Any CPU.Build.0 = Debug|Any CPU
		{2E386514-2E8D-4ECA-8F65-08DFAEC527B2}.Release|Any CPU.ActiveCfg = Release|Any CPU
		{2E386514-2E8D-4ECA-8F65-08DFAEC527B2}.Release|Any CPU.Build.0 = Release|Any CPU
		{C3CEF6C2-4802-46DC-81A3-1379CDADF0CB}.Debug|Any CPU.ActiveCfg = Debug|Any CPU
		{C3CEF6C2-4802-46DC-81A3-1379CDADF0CB}.Debug|Any CPU.Build.0 = Debug|Any CPU
		{C3CEF6C2-4802-46DC-81A3-1379CDADF0CB}.Release|Any CPU.ActiveCfg = Release|Any CPU
		{C3CEF6C2-4802-46DC-81A3-1379CDADF0CB}.Release|Any CPU.Build.0 = Release|Any CPU
		{C8DDE35E-24F6-47BA-BCEE-507513B2BDD7}.Debug|Any CPU.ActiveCfg = Debug|Any CPU
		{C8DDE35E-24F6-47BA-BCEE-507513B2BDD7}.Debug|Any CPU.Build.0 = Debug|Any CPU
		{C8DDE35E-24F6-47BA-BCEE-507513B2BDD7}.Release|Any CPU.ActiveCfg = Release|Any CPU
		{C8DDE35E-24F6-47BA-BCEE-507513B2BDD7}.Release|Any CPU.Build.0 = Release|Any CPU
		{DA157D92-614B-4157-A8D7-A7FD1B18A0F5}.Debug|Any CPU.ActiveCfg = Debug|Any CPU
		{DA157D92-614B-4157-A8D7-A7FD1B18A0F5}.Debug|Any CPU.Build.0 = Debug|Any CPU
		{DA157D92-614B-4157-A8D7-A7FD1B18A0F5}.Release|Any CPU.ActiveCfg = Release|Any CPU
		{DA157D92-614B-4157-A8D7-A7FD1B18A0F5}.Release|Any CPU.Build.0 = Release|Any CPU
	EndGlobalSection
	GlobalSection(NestedProjects) = preSolution
		{C8DDE35E-24F6-47BA-BCEE-507513B2BDD7} = {EC4C9390-1D64-11ED-B393-AD23B8246DE2}
		{DA157D92-614B-4157-A8D7-A7FD1B18A0F5} = {EC4C9390-1D64-11ED-B393-AD23B8246DE2}
		{C3CEF6C2-4802-46DC-81A3-1379CDADF0CB} = {93D21FF0-1D64-11ED-B393-AD23B8246DE2}
		{2E386514-2E8D-4ECA-8F65-08DFAEC527B2} = {5F4C6290-1D64-11ED-B393-AD23B8246DE2}
		{695A2719-8341-4EB0-95AE-FACF438F626D} = {5F4C6290-1D64-11ED-B393-AD23B8246DE2}
		{08241D38-9639-4775-8FAE-423EE704E800} = {12FA44C0-1D64-11ED-B393-AD23B8246DE2}
		{CE127632-2548-4C36-930B-B6D0137AAACF} = {12FA44C0-1D64-11ED-B393-AD23B8246DE2}
		{C4F1A7F4-083C-4F55-9E0F-960066944AA9} = {12FA44C0-1D64-11ED-B393-AD23B8246DE2}
	EndGlobalSection
EndGlobal
